
Microsoft Visual Studio Solution File, Format Version 12.00
# Visual Studio Version 17
VisualStudioVersion = 17.2.32526.322
MinimumVisualStudioVersion = 10.0.40219.1
Project("{9A19103F-16F7-4668-BE54-9A1E7A4F7556}") = "Boloni.Data", "src\Boloni.Data\Boloni.Data.csproj", "{C57EAF45-A185-4667-B35B-AE99BEE582D0}"
EndProject
Project("{9A19103F-16F7-4668-BE54-9A1E7A4F7556}") = "Boloni.Services", "src\Boloni.Services\Boloni.Services.csproj", "{E7C65480-6B03-4B00-BAD0-6B1987A2AC7D}"
EndProject
Project("{9A19103F-16F7-4668-BE54-9A1E7A4F7556}") = "Boloni.HttpApi", "src\Boloni.HttpApi\Boloni.HttpApi.csproj", "{FB1CE106-F906-48C5-A553-0F8BEB33C532}"
EndProject
Project("{9A19103F-16F7-4668-BE54-9A1E7A4F7556}") = "Boloni.DataTransfers", "src\Boloni.DataTransfers\Boloni.DataTransfers.csproj", "{819D663C-8D36-4097-AE65-03B2E6E98805}"
EndProject
Project("{2150E333-8FDC-42A3-9474-1A3956D46DE8}") = "src", "src", "{5DCBF5AC-79B1-4C20-8441-B4B4C03D6335}"
EndProject
Project("{2150E333-8FDC-42A3-9474-1A3956D46DE8}") = "test", "test", "{1A02ADD5-8E2A-4A97-BA04-6ABAA24E85C4}"
EndProject
Project("{9A19103F-16F7-4668-BE54-9A1E7A4F7556}") = "Boloni.Services.Test", "test\Boloni.Services.Test\Boloni.Services.Test.csproj", "{0C51EFFE-6420-494A-B437-D72D100F484A}"
EndProject
Project("{9A19103F-16F7-4668-BE54-9A1E7A4F7556}") = "Boloni.Test", "test\Boloni.Test\Boloni.Test.csproj", "{23F4A555-33B7-490D-8551-E4BF708A906A}"
EndProject
Project("{2150E333-8FDC-42A3-9474-1A3956D46DE8}") = "Backend", "Backend", "{968BDF0A-F534-44F8-ACDA-32ED44D85539}"
EndProject
Project("{2150E333-8FDC-42A3-9474-1A3956D46DE8}") = "Infrastructure", "Infrastructure", "{F82FD09E-CB11-4A34-89F7-17181011B33E}"
EndProject
Project("{2150E333-8FDC-42A3-9474-1A3956D46DE8}") = "Client", "Client", "{C35E59E2-6A3E-4E06-B465-49B839152D5A}"
EndProject
Project("{FAE04EC0-301F-11D3-BF4B-00C04F79EFBC}") = "Boloni.Client.Http", "src\Boloni.Client.Http\Boloni.Client.Http.csproj", "{40FDCC83-D13E-46A1-A590-C1B3A302051E}"
EndProject
Project("{FAE04EC0-301F-11D3-BF4B-00C04F79EFBC}") = "Boloni.Infrastructures", "src\Boloni.Infrastructures\Boloni.Infrastructures.csproj", "{945A6462-188E-4594-A990-4DE66CB20D70}"
EndProject
Project("{FAE04EC0-301F-11D3-BF4B-00C04F79EFBC}") = "Boloni.Abstractions", "src\Boloni.Abstractions\Boloni.Abstractions.csproj", "{5A61A515-BDEC-45EB-8825-0DBC50CCD8ED}"
EndProject
Global
	GlobalSection(SolutionConfigurationPlatforms) = preSolution
		Debug|Any CPU = Debug|Any CPU
		Release|Any CPU = Release|Any CPU
	EndGlobalSection
	GlobalSection(ProjectConfigurationPlatforms) = postSolution
		{C57EAF45-A185-4667-B35B-AE99BEE582D0}.Debug|Any CPU.ActiveCfg = Debug|Any CPU
		{C57EAF45-A185-4667-B35B-AE99BEE582D0}.Debug|Any CPU.Build.0 = Debug|Any CPU
		{C57EAF45-A185-4667-B35B-AE99BEE582D0}.Release|Any CPU.ActiveCfg = Release|Any CPU
		{C57EAF45-A185-4667-B35B-AE99BEE582D0}.Release|Any CPU.Build.0 = Release|Any CPU
		{E7C65480-6B03-4B00-BAD0-6B1987A2AC7D}.Debug|Any CPU.ActiveCfg = Debug|Any CPU
		{E7C65480-6B03-4B00-BAD0-6B1987A2AC7D}.Debug|Any CPU.Build.0 = Debug|Any CPU
		{E7C65480-6B03-4B00-BAD0-6B1987A2AC7D}.Release|Any CPU.ActiveCfg = Release|Any CPU
		{E7C65480-6B03-4B00-BAD0-6B1987A2AC7D}.Release|Any CPU.Build.0 = Release|Any CPU
		{FB1CE106-F906-48C5-A553-0F8BEB33C532}.Debug|Any CPU.ActiveCfg = Debug|Any CPU
		{FB1CE106-F906-48C5-A553-0F8BEB33C532}.Debug|Any CPU.Build.0 = Debug|Any CPU
		{FB1CE106-F906-48C5-A553-0F8BEB33C532}.Release|Any CPU.ActiveCfg = Release|Any CPU
		{FB1CE106-F906-48C5-A553-0F8BEB33C532}.Release|Any CPU.Build.0 = Release|Any CPU
		{819D663C-8D36-4097-AE65-03B2E6E98805}.Debug|Any CPU.ActiveCfg = Debug|Any CPU
		{819D663C-8D36-4097-AE65-03B2E6E98805}.Debug|Any CPU.Build.0 = Debug|Any CPU
		{819D663C-8D36-4097-AE65-03B2E6E98805}.Release|Any CPU.ActiveCfg = Release|Any CPU
		{819D663C-8D36-4097-AE65-03B2E6E98805}.Release|Any CPU.Build.0 = Release|Any CPU
		{0C51EFFE-6420-494A-B437-D72D100F484A}.Debug|Any CPU.ActiveCfg = Debug|Any CPU
		{0C51EFFE-6420-494A-B437-D72D100F484A}.Debug|Any CPU.Build.0 = Debug|Any CPU
		{0C51EFFE-6420-494A-B437-D72D100F484A}.Release|Any CPU.ActiveCfg = Release|Any CPU
		{0C51EFFE-6420-494A-B437-D72D100F484A}.Release|Any CPU.Build.0 = Release|Any CPU
		{23F4A555-33B7-490D-8551-E4BF708A906A}.Debug|Any CPU.ActiveCfg = Debug|Any CPU
		{23F4A555-33B7-490D-8551-E4BF708A906A}.Debug|Any CPU.Build.0 = Debug|Any CPU
		{23F4A555-33B7-490D-8551-E4BF708A906A}.Release|Any CPU.ActiveCfg = Release|Any CPU
		{23F4A555-33B7-490D-8551-E4BF708A906A}.Release|Any CPU.Build.0 = Release|Any CPU
		{40FDCC83-D13E-46A1-A590-C1B3A302051E}.Debug|Any CPU.ActiveCfg = Debug|Any CPU
		{40FDCC83-D13E-46A1-A590-C1B3A302051E}.Debug|Any CPU.Build.0 = Debug|Any CPU
		{40FDCC83-D13E-46A1-A590-C1B3A302051E}.Release|Any CPU.ActiveCfg = Release|Any CPU
		{40FDCC83-D13E-46A1-A590-C1B3A302051E}.Release|Any CPU.Build.0 = Release|Any CPU
		{945A6462-188E-4594-A990-4DE66CB20D70}.Debug|Any CPU.ActiveCfg = Debug|Any CPU
		{945A6462-188E-4594-A990-4DE66CB20D70}.Debug|Any CPU.Build.0 = Debug|Any CPU
		{945A6462-188E-4594-A990-4DE66CB20D70}.Release|Any CPU.ActiveCfg = Release|Any CPU
		{945A6462-188E-4594-A990-4DE66CB20D70}.Release|Any CPU.Build.0 = Release|Any CPU
		{5A61A515-BDEC-45EB-8825-0DBC50CCD8ED}.Debug|Any CPU.ActiveCfg = Debug|Any CPU
		{5A61A515-BDEC-45EB-8825-0DBC50CCD8ED}.Debug|Any CPU.Build.0 = Debug|Any CPU
		{5A61A515-BDEC-45EB-8825-0DBC50CCD8ED}.Release|Any CPU.ActiveCfg = Release|Any CPU
		{5A61A515-BDEC-45EB-8825-0DBC50CCD8ED}.Release|Any CPU.Build.0 = Release|Any CPU
	EndGlobalSection
	GlobalSection(SolutionProperties) = preSolution
		HideSolutionNode = FALSE
	EndGlobalSection
	GlobalSection(NestedProjects) = preSolution
		{C57EAF45-A185-4667-B35B-AE99BEE582D0} = {968BDF0A-F534-44F8-ACDA-32ED44D85539}
		{E7C65480-6B03-4B00-BAD0-6B1987A2AC7D} = {968BDF0A-F534-44F8-ACDA-32ED44D85539}
		{FB1CE106-F906-48C5-A553-0F8BEB33C532} = {968BDF0A-F534-44F8-ACDA-32ED44D85539}
		{819D663C-8D36-4097-AE65-03B2E6E98805} = {F82FD09E-CB11-4A34-89F7-17181011B33E}
		{0C51EFFE-6420-494A-B437-D72D100F484A} = {1A02ADD5-8E2A-4A97-BA04-6ABAA24E85C4}
		{23F4A555-33B7-490D-8551-E4BF708A906A} = {1A02ADD5-8E2A-4A97-BA04-6ABAA24E85C4}
		{968BDF0A-F534-44F8-ACDA-32ED44D85539} = {5DCBF5AC-79B1-4C20-8441-B4B4C03D6335}
		{F82FD09E-CB11-4A34-89F7-17181011B33E} = {5DCBF5AC-79B1-4C20-8441-B4B4C03D6335}
		{C35E59E2-6A3E-4E06-B465-49B839152D5A} = {5DCBF5AC-79B1-4C20-8441-B4B4C03D6335}
		{40FDCC83-D13E-46A1-A590-C1B3A302051E} = {C35E59E2-6A3E-4E06-B465-49B839152D5A}
		{945A6462-188E-4594-A990-4DE66CB20D70} = {F82FD09E-CB11-4A34-89F7-17181011B33E}
		{5A61A515-BDEC-45EB-8825-0DBC50CCD8ED} = {F82FD09E-CB11-4A34-89F7-17181011B33E}
	EndGlobalSection
	GlobalSection(ExtensibilityGlobals) = postSolution
		SolutionGuid = {60D7014C-4C59-4127-9CB5-A4402740E525}
	EndGlobalSection
EndGlobal
