
Microsoft Visual Studio Solution File, Format Version 12.00
# Visual Studio Version 17
VisualStudioVersion = 17.2.32526.322
MinimumVisualStudioVersion = 10.0.40219.1
Project("{9A19103F-16F7-4668-BE54-9A1E7A4F7556}") = "FocusOn.Framework.Infrastructure", "src\framework\src\FocusOn.Framework.Infrastructure\FocusOn.Framework.Infrastructure.csproj", "{945A6462-188E-4594-A990-4DE66CB20D70}"
EndProject
Project("{9A19103F-16F7-4668-BE54-9A1E7A4F7556}") = "FocusOn.Framework.Business.Contract", "src\framework\src\FocusOn.Framework.Business.Contract\FocusOn.Framework.Business.Contract.csproj", "{6812BC21-B533-46B1-9104-F2FCA78BF195}"
EndProject
Project("{9A19103F-16F7-4668-BE54-9A1E7A4F7556}") = "FocusOn.Framework.Endpoint.HttpApi", "src\framework\src\FocusOn.Framework.Endpoint.HttpApi\FocusOn.Framework.Endpoint.HttpApi.csproj", "{38F855D2-44FF-4995-BB63-F287A0D41E8D}"
EndProject
Project("{9A19103F-16F7-4668-BE54-9A1E7A4F7556}") = "FocusOn.Framework.Endpoint.HttpProxy", "src\framework\src\FocusOn.Framework.Endpoint.HttpProxy\FocusOn.Framework.Endpoint.HttpProxy.csproj", "{6D82B293-7D3C-4035-889F-E7AA2E23CC6A}"
EndProject
Project("{2150E333-8FDC-42A3-9474-1A3956D46DE8}") = "src", "src", "{4C8D0E61-7EF5-4726-AB38-DBD0FF9F885D}"
EndProject
Project("{2150E333-8FDC-42A3-9474-1A3956D46DE8}") = "test", "test", "{FFBA0600-7085-4A66-B81D-C036EC876904}"
EndProject
Project("{9A19103F-16F7-4668-BE54-9A1E7A4F7556}") = "FocusOn.Framework.Endpoint.HttpApi.Test.Host", "src\framework\test\FocusOn.Endpoint.HttpApi.Test.WebHost\FocusOn.Framework.Endpoint.HttpApi.Test.Host.csproj", "{946C674E-7ED3-4E7E-82C6-70B3F8536773}"
EndProject
Project("{9A19103F-16F7-4668-BE54-9A1E7A4F7556}") = "FocusOn.Framework.Infrastructure.Test", "src\framework\test\FocusOn.Core.Test\FocusOn.Framework.Infrastructure.Test.csproj", "{A7731B6C-24E2-42B1-A382-0A61DB204DBD}"
EndProject
Project("{9A19103F-16F7-4668-BE54-9A1E7A4F7556}") = "FocusOn.Framework.Endpoint.HttpProxy.Test.Host", "src\framework\test\FocusOn.Endpoints.Test.HttpApi.ProxyHost\FocusOn.Framework.Endpoint.HttpProxy.Test.Host.csproj", "{04F8AABC-981A-4D7C-AD60-AB9712D58EFF}"
EndProject
Project("{9A19103F-16F7-4668-BE54-9A1E7A4F7556}") = "FocusOn.Framework.Business.Store", "src\framework\src\FocusOn.Framework.Business.Store\FocusOn.Framework.Business.Store.csproj", "{B56CD0C2-8B69-4B82-AE49-F35C262F66C1}"
EndProject
Project("{9A19103F-16F7-4668-BE54-9A1E7A4F7556}") = "FocusOn.Framework.Endpoint.HttpApi.UnitTest", "src\framework\test\FocusOn.Framework.Endpoint.HttpApi.UnitTest\FocusOn.Framework.Endpoint.HttpApi.UnitTest.csproj", "{91EE4C33-E296-4779-849F-168E6AC2C0C9}"
EndProject
Project("{2150E333-8FDC-42A3-9474-1A3956D46DE8}") = "sln", "sln", "{FAFFF62D-2CA6-4174-820A-862B8D48A5E9}"
	ProjectSection(SolutionItems) = preProject
		common.props = common.props
		README.md = README.md
	EndProjectSection
EndProject
Project("{9A19103F-16F7-4668-BE54-9A1E7A4F7556}") = "FocusOn.Framework.Business.Services", "src\framework\src\FocusOn.Framework.Business.Service\FocusOn.Framework.Business.Services.csproj", "{204D31AE-4B20-4CF9-88AC-D000FC9EBC7F}"
EndProject
Project("{FAE04EC0-301F-11D3-BF4B-00C04F79EFBC}") = "FocusOn.Framework.Business.Service.TestHost", "src\framework\test\FocusOn.Framework.Business.Service.TestHost\FocusOn.Framework.Business.Service.TestHost.csproj", "{25219738-E4CD-4BBC-851F-C96C78C9DB64}"
EndProject
Global
	GlobalSection(SolutionConfigurationPlatforms) = preSolution
		Debug|Any CPU = Debug|Any CPU
		Release|Any CPU = Release|Any CPU
	EndGlobalSection
	GlobalSection(ProjectConfigurationPlatforms) = postSolution
		{945A6462-188E-4594-A990-4DE66CB20D70}.Debug|Any CPU.ActiveCfg = Debug|Any CPU
		{945A6462-188E-4594-A990-4DE66CB20D70}.Debug|Any CPU.Build.0 = Debug|Any CPU
		{945A6462-188E-4594-A990-4DE66CB20D70}.Release|Any CPU.ActiveCfg = Release|Any CPU
		{945A6462-188E-4594-A990-4DE66CB20D70}.Release|Any CPU.Build.0 = Release|Any CPU
		{6812BC21-B533-46B1-9104-F2FCA78BF195}.Debug|Any CPU.ActiveCfg = Debug|Any CPU
		{6812BC21-B533-46B1-9104-F2FCA78BF195}.Debug|Any CPU.Build.0 = Debug|Any CPU
		{6812BC21-B533-46B1-9104-F2FCA78BF195}.Release|Any CPU.ActiveCfg = Release|Any CPU
		{6812BC21-B533-46B1-9104-F2FCA78BF195}.Release|Any CPU.Build.0 = Release|Any CPU
		{38F855D2-44FF-4995-BB63-F287A0D41E8D}.Debug|Any CPU.ActiveCfg = Debug|Any CPU
		{38F855D2-44FF-4995-BB63-F287A0D41E8D}.Debug|Any CPU.Build.0 = Debug|Any CPU
		{38F855D2-44FF-4995-BB63-F287A0D41E8D}.Release|Any CPU.ActiveCfg = Release|Any CPU
		{38F855D2-44FF-4995-BB63-F287A0D41E8D}.Release|Any CPU.Build.0 = Release|Any CPU
		{6D82B293-7D3C-4035-889F-E7AA2E23CC6A}.Debug|Any CPU.ActiveCfg = Debug|Any CPU
		{6D82B293-7D3C-4035-889F-E7AA2E23CC6A}.Debug|Any CPU.Build.0 = Debug|Any CPU
		{6D82B293-7D3C-4035-889F-E7AA2E23CC6A}.Release|Any CPU.ActiveCfg = Release|Any CPU
		{6D82B293-7D3C-4035-889F-E7AA2E23CC6A}.Release|Any CPU.Build.0 = Release|Any CPU
		{946C674E-7ED3-4E7E-82C6-70B3F8536773}.Debug|Any CPU.ActiveCfg = Debug|Any CPU
		{946C674E-7ED3-4E7E-82C6-70B3F8536773}.Debug|Any CPU.Build.0 = Debug|Any CPU
		{946C674E-7ED3-4E7E-82C6-70B3F8536773}.Release|Any CPU.ActiveCfg = Release|Any CPU
		{946C674E-7ED3-4E7E-82C6-70B3F8536773}.Release|Any CPU.Build.0 = Release|Any CPU
		{A7731B6C-24E2-42B1-A382-0A61DB204DBD}.Debug|Any CPU.ActiveCfg = Debug|Any CPU
		{A7731B6C-24E2-42B1-A382-0A61DB204DBD}.Debug|Any CPU.Build.0 = Debug|Any CPU
		{A7731B6C-24E2-42B1-A382-0A61DB204DBD}.Release|Any CPU.ActiveCfg = Release|Any CPU
		{A7731B6C-24E2-42B1-A382-0A61DB204DBD}.Release|Any CPU.Build.0 = Release|Any CPU
		{04F8AABC-981A-4D7C-AD60-AB9712D58EFF}.Debug|Any CPU.ActiveCfg = Debug|Any CPU
		{04F8AABC-981A-4D7C-AD60-AB9712D58EFF}.Debug|Any CPU.Build.0 = Debug|Any CPU
		{04F8AABC-981A-4D7C-AD60-AB9712D58EFF}.Release|Any CPU.ActiveCfg = Release|Any CPU
		{04F8AABC-981A-4D7C-AD60-AB9712D58EFF}.Release|Any CPU.Build.0 = Release|Any CPU
		{B56CD0C2-8B69-4B82-AE49-F35C262F66C1}.Debug|Any CPU.ActiveCfg = Debug|Any CPU
		{B56CD0C2-8B69-4B82-AE49-F35C262F66C1}.Debug|Any CPU.Build.0 = Debug|Any CPU
		{B56CD0C2-8B69-4B82-AE49-F35C262F66C1}.Release|Any CPU.ActiveCfg = Release|Any CPU
		{B56CD0C2-8B69-4B82-AE49-F35C262F66C1}.Release|Any CPU.Build.0 = Release|Any CPU
		{91EE4C33-E296-4779-849F-168E6AC2C0C9}.Debug|Any CPU.ActiveCfg = Debug|Any CPU
		{91EE4C33-E296-4779-849F-168E6AC2C0C9}.Debug|Any CPU.Build.0 = Debug|Any CPU
		{91EE4C33-E296-4779-849F-168E6AC2C0C9}.Release|Any CPU.ActiveCfg = Release|Any CPU
		{91EE4C33-E296-4779-849F-168E6AC2C0C9}.Release|Any CPU.Build.0 = Release|Any CPU
		{204D31AE-4B20-4CF9-88AC-D000FC9EBC7F}.Debug|Any CPU.ActiveCfg = Debug|Any CPU
		{204D31AE-4B20-4CF9-88AC-D000FC9EBC7F}.Debug|Any CPU.Build.0 = Debug|Any CPU
		{204D31AE-4B20-4CF9-88AC-D000FC9EBC7F}.Release|Any CPU.ActiveCfg = Release|Any CPU
		{204D31AE-4B20-4CF9-88AC-D000FC9EBC7F}.Release|Any CPU.Build.0 = Release|Any CPU
		{25219738-E4CD-4BBC-851F-C96C78C9DB64}.Debug|Any CPU.ActiveCfg = Debug|Any CPU
		{25219738-E4CD-4BBC-851F-C96C78C9DB64}.Debug|Any CPU.Build.0 = Debug|Any CPU
		{25219738-E4CD-4BBC-851F-C96C78C9DB64}.Release|Any CPU.ActiveCfg = Release|Any CPU
		{25219738-E4CD-4BBC-851F-C96C78C9DB64}.Release|Any CPU.Build.0 = Release|Any CPU
	EndGlobalSection
	GlobalSection(SolutionProperties) = preSolution
		HideSolutionNode = FALSE
	EndGlobalSection
	GlobalSection(NestedProjects) = preSolution
		{945A6462-188E-4594-A990-4DE66CB20D70} = {4C8D0E61-7EF5-4726-AB38-DBD0FF9F885D}
		{6812BC21-B533-46B1-9104-F2FCA78BF195} = {4C8D0E61-7EF5-4726-AB38-DBD0FF9F885D}
		{38F855D2-44FF-4995-BB63-F287A0D41E8D} = {4C8D0E61-7EF5-4726-AB38-DBD0FF9F885D}
		{6D82B293-7D3C-4035-889F-E7AA2E23CC6A} = {4C8D0E61-7EF5-4726-AB38-DBD0FF9F885D}
		{946C674E-7ED3-4E7E-82C6-70B3F8536773} = {FFBA0600-7085-4A66-B81D-C036EC876904}
		{A7731B6C-24E2-42B1-A382-0A61DB204DBD} = {FFBA0600-7085-4A66-B81D-C036EC876904}
		{04F8AABC-981A-4D7C-AD60-AB9712D58EFF} = {FFBA0600-7085-4A66-B81D-C036EC876904}
		{B56CD0C2-8B69-4B82-AE49-F35C262F66C1} = {4C8D0E61-7EF5-4726-AB38-DBD0FF9F885D}
		{91EE4C33-E296-4779-849F-168E6AC2C0C9} = {FFBA0600-7085-4A66-B81D-C036EC876904}
		{204D31AE-4B20-4CF9-88AC-D000FC9EBC7F} = {4C8D0E61-7EF5-4726-AB38-DBD0FF9F885D}
		{25219738-E4CD-4BBC-851F-C96C78C9DB64} = {FFBA0600-7085-4A66-B81D-C036EC876904}
	EndGlobalSection
	GlobalSection(ExtensibilityGlobals) = postSolution
		SolutionGuid = {60D7014C-4C59-4127-9CB5-A4402740E525}
	EndGlobalSection
EndGlobal
