
Microsoft Visual Studio Solution File, Format Version 12.00
# Visual Studio Version 17
VisualStudioVersion = 17.2.32526.322
MinimumVisualStudioVersion = 10.0.40219.1
Project("{2150E333-8FDC-42A3-9474-1A3956D46DE8}") = "framework", "framework", "{5DCBF5AC-79B1-4C20-8441-B4B4C03D6335}"
EndProject
Project("{9A19103F-16F7-4668-BE54-9A1E7A4F7556}") = "MiniSolution.Core", "src\framework\src\MiniSolution.Core\MiniSolution.Core.csproj", "{945A6462-188E-4594-A990-4DE66CB20D70}"
EndProject
Project("{9A19103F-16F7-4668-BE54-9A1E7A4F7556}") = "MiniSolution.Business.Contracts", "src\framework\src\MiniSolution.Business.Contracts\MiniSolution.Business.Contracts.csproj", "{6812BC21-B533-46B1-9104-F2FCA78BF195}"
EndProject
Project("{9A19103F-16F7-4668-BE54-9A1E7A4F7556}") = "MiniSolution.Business.Services", "src\framework\src\MiniSolution.Business.Services\MiniSolution.Business.Services.csproj", "{FE693522-189C-418C-9E6B-C0F0DF1C2298}"
EndProject
Project("{9A19103F-16F7-4668-BE54-9A1E7A4F7556}") = "MiniSolution.Endpoints.HttpApi", "src\framework\src\MiniSolution.Endpoints.HttpApi\MiniSolution.Endpoints.HttpApi.csproj", "{38F855D2-44FF-4995-BB63-F287A0D41E8D}"
EndProject
Project("{9A19103F-16F7-4668-BE54-9A1E7A4F7556}") = "MiniSolution.Endpoints.HttpApi.Proxy", "src\framework\src\MiniSolution.Endpoints.HttpApi.Proxy\MiniSolution.Endpoints.HttpApi.Proxy.csproj", "{6D82B293-7D3C-4035-889F-E7AA2E23CC6A}"
EndProject
Global
	GlobalSection(SolutionConfigurationPlatforms) = preSolution
		Debug|Any CPU = Debug|Any CPU
		Release|Any CPU = Release|Any CPU
	EndGlobalSection
	GlobalSection(ProjectConfigurationPlatforms) = postSolution
		{945A6462-188E-4594-A990-4DE66CB20D70}.Debug|Any CPU.ActiveCfg = Debug|Any CPU
		{945A6462-188E-4594-A990-4DE66CB20D70}.Debug|Any CPU.Build.0 = Debug|Any CPU
		{945A6462-188E-4594-A990-4DE66CB20D70}.Release|Any CPU.ActiveCfg = Release|Any CPU
		{945A6462-188E-4594-A990-4DE66CB20D70}.Release|Any CPU.Build.0 = Release|Any CPU
		{6812BC21-B533-46B1-9104-F2FCA78BF195}.Debug|Any CPU.ActiveCfg = Debug|Any CPU
		{6812BC21-B533-46B1-9104-F2FCA78BF195}.Debug|Any CPU.Build.0 = Debug|Any CPU
		{6812BC21-B533-46B1-9104-F2FCA78BF195}.Release|Any CPU.ActiveCfg = Release|Any CPU
		{6812BC21-B533-46B1-9104-F2FCA78BF195}.Release|Any CPU.Build.0 = Release|Any CPU
		{FE693522-189C-418C-9E6B-C0F0DF1C2298}.Debug|Any CPU.ActiveCfg = Debug|Any CPU
		{FE693522-189C-418C-9E6B-C0F0DF1C2298}.Debug|Any CPU.Build.0 = Debug|Any CPU
		{FE693522-189C-418C-9E6B-C0F0DF1C2298}.Release|Any CPU.ActiveCfg = Release|Any CPU
		{FE693522-189C-418C-9E6B-C0F0DF1C2298}.Release|Any CPU.Build.0 = Release|Any CPU
		{38F855D2-44FF-4995-BB63-F287A0D41E8D}.Debug|Any CPU.ActiveCfg = Debug|Any CPU
		{38F855D2-44FF-4995-BB63-F287A0D41E8D}.Debug|Any CPU.Build.0 = Debug|Any CPU
		{38F855D2-44FF-4995-BB63-F287A0D41E8D}.Release|Any CPU.ActiveCfg = Release|Any CPU
		{38F855D2-44FF-4995-BB63-F287A0D41E8D}.Release|Any CPU.Build.0 = Release|Any CPU
		{6D82B293-7D3C-4035-889F-E7AA2E23CC6A}.Debug|Any CPU.ActiveCfg = Debug|Any CPU
		{6D82B293-7D3C-4035-889F-E7AA2E23CC6A}.Debug|Any CPU.Build.0 = Debug|Any CPU
		{6D82B293-7D3C-4035-889F-E7AA2E23CC6A}.Release|Any CPU.ActiveCfg = Release|Any CPU
		{6D82B293-7D3C-4035-889F-E7AA2E23CC6A}.Release|Any CPU.Build.0 = Release|Any CPU
	EndGlobalSection
	GlobalSection(SolutionProperties) = preSolution
		HideSolutionNode = FALSE
	EndGlobalSection
	GlobalSection(NestedProjects) = preSolution
		{945A6462-188E-4594-A990-4DE66CB20D70} = {5DCBF5AC-79B1-4C20-8441-B4B4C03D6335}
		{6812BC21-B533-46B1-9104-F2FCA78BF195} = {5DCBF5AC-79B1-4C20-8441-B4B4C03D6335}
		{FE693522-189C-418C-9E6B-C0F0DF1C2298} = {5DCBF5AC-79B1-4C20-8441-B4B4C03D6335}
		{38F855D2-44FF-4995-BB63-F287A0D41E8D} = {5DCBF5AC-79B1-4C20-8441-B4B4C03D6335}
		{6D82B293-7D3C-4035-889F-E7AA2E23CC6A} = {5DCBF5AC-79B1-4C20-8441-B4B4C03D6335}
	EndGlobalSection
	GlobalSection(ExtensibilityGlobals) = postSolution
		SolutionGuid = {60D7014C-4C59-4127-9CB5-A4402740E525}
	EndGlobalSection
EndGlobal
